PODS:
  - AppAuth (1.5.0):
    - AppAuth/Core (= 1.5.0)
    - AppAuth/ExternalUserAgent (= 1.5.0)
  - AppAuth/Core (1.5.0)
  - AppAuth/ExternalUserAgent (1.5.0):
    - AppAuth/Core
  - boost (1.76.0)
  - BVLinearGradient (2.6.2):
    - React-Core
  - CocoaAsyncSocket (7.6.5)
  - DoubleConversion (1.1.6)
  - FBAEMKit (14.0.0):
    - FBSDKCoreKit_Basics (= 14.0.0)
  - FBLazyVector (0.68.1)
  - FBReactNativeSpec (0.68.1):
    - RCT-Folly (= 2021.06.28.00-v2)
    - RCTRequired (= 0.68.1)
    - RCTTypeSafety (= 0.68.1)
    - React-Core (= 0.68.1)
    - React-jsi (= 0.68.1)
    - ReactCommon/turbomodule/core (= 0.68.1)
  - FBSDKCoreKit (14.0.0):
    - FBAEMKit (= 14.0.0)
    - FBSDKCoreKit_Basics (= 14.0.0)
  - FBSDKCoreKit_Basics (14.0.0)
  - FBSDKGamingServicesKit (14.0.0):
    - FBSDKCoreKit (= 14.0.0)
    - FBSDKCoreKit_Basics (= 14.0.0)
    - FBSDKShareKit (= 14.0.0)
  - FBSDKLoginKit (14.0.0):
    - FBSDKCoreKit (= 14.0.0)
  - FBSDKShareKit (14.0.0):
    - FBSDKCoreKit (= 14.0.0)
  - Firebase/Auth (8.15.0):
    - Firebase/CoreOnly
    - FirebaseAuth (~> 8.15.0)
  - Firebase/CoreOnly (8.15.0):
    - FirebaseCore (= 8.15.0)
  - FirebaseAuth (8.15.0):
    - FirebaseCore (~> 8.0)
    - GoogleUtilities/AppDelegateSwizzler (~> 7.7)
    - GoogleUtilities/Environment (~> 7.7)
    - GTMSessionFetcher/Core (~> 1.5)
  - FirebaseCore (8.15.0):
    - FirebaseCoreDiagnostics (~> 8.0)
    - GoogleUtilities/Environment (~> 7.7)
    - GoogleUtilities/Logger (~> 7.7)
  - FirebaseCoreDiagnostics (8.15.0):
    - GoogleDataTransport (~> 9.1)
    - GoogleUtilities/Environment (~> 7.7)
    - GoogleUtilities/Logger (~> 7.7)
    - nanopb (~> 2.30908.0)
  - Flipper (0.125.0):
    - Flipper-Folly (~> 2.6)
    - Flipper-RSocket (~> 1.4)
  - Flipper-Boost-iOSX (1.76.0.1.11)
  - Flipper-DoubleConversion (3.2.0)
  - Flipper-Fmt (7.1.7)
  - Flipper-Folly (2.6.10):
    - Flipper-Boost-iOSX
    - Flipper-DoubleConversion
    - Flipper-Fmt (= 7.1.7)
    - Flipper-Glog
    - libevent (~> 2.1.12)
    - OpenSSL-Universal (= 1.1.1100)
  - Flipper-Glog (0.5.0.4)
  - Flipper-PeerTalk (0.0.4)
  - Flipper-RSocket (1.4.3):
    - Flipper-Folly (~> 2.6)
  - FlipperKit (0.125.0):
    - FlipperKit/Core (= 0.125.0)
  - FlipperKit/Core (0.125.0):
    - Flipper (~> 0.125.0)
    - FlipperKit/CppBridge
    - FlipperKit/FBCxxFollyDynamicConvert
    - FlipperKit/FBDefines
    - FlipperKit/FKPortForwarding
    - SocketRocket (~> 0.6.0)
  - FlipperKit/CppBridge (0.125.0):
    - Flipper (~> 0.125.0)
  - FlipperKit/FBCxxFollyDynamicConvert (0.125.0):
    - Flipper-Folly (~> 2.6)
  - FlipperKit/FBDefines (0.125.0)
  - FlipperKit/FKPortForwarding (0.125.0):
    - CocoaAsyncSocket (~> 7.6)
    - Flipper-PeerTalk (~> 0.0.4)
  - FlipperKit/FlipperKitHighlightOverlay (0.125.0)
  - FlipperKit/FlipperKitLayoutHelpers (0.125.0):
    - FlipperKit/Core
    - FlipperKit/FlipperKitHighlightOverlay
    - FlipperKit/FlipperKitLayoutTextSearchable
  - FlipperKit/FlipperKitLayoutIOSDescriptors (0.125.0):
    - FlipperKit/Core
    - FlipperKit/FlipperKitHighlightOverlay
    - FlipperKit/FlipperKitLayoutHelpers
    - YogaKit (~> 1.18)
  - FlipperKit/FlipperKitLayoutPlugin (0.125.0):
    - FlipperKit/Core
    - FlipperKit/FlipperKitHighlightOverlay
    - FlipperKit/FlipperKitLayoutHelpers
    - FlipperKit/FlipperKitLayoutIOSDescriptors
    - FlipperKit/FlipperKitLayoutTextSearchable
    - YogaKit (~> 1.18)
  - FlipperKit/FlipperKitLayoutTextSearchable (0.125.0)
  - FlipperKit/FlipperKitNetworkPlugin (0.125.0):
    - FlipperKit/Core
  - FlipperKit/FlipperKitReactPlugin (0.125.0):
    - FlipperKit/Core
  - FlipperKit/FlipperKitUserDefaultsPlugin (0.125.0):
    - FlipperKit/Core
  - FlipperKit/SKIOSNetworkPlugin (0.125.0):
    - FlipperKit/Core
    - FlipperKit/FlipperKitNetworkPlugin
  - fmt (6.2.1)
  - glog (0.3.5)
  - GoogleDataTransport (9.1.4):
    - GoogleUtilities/Environment (~> 7.7)
    - nanopb (< 2.30910.0, >= 2.30908.0)
    - PromisesObjC (< 3.0, >= 1.2)
  - GoogleSignIn (6.1.0):
    - AppAuth (~> 1.4)
    - GTMAppAuth (~> 1.0)
    - GTMSessionFetcher/Core (~> 1.1)
  - GoogleUtilities/AppDelegateSwizzler (7.7.0):
    - GoogleUtilities/Environment
    - GoogleUtilities/Logger
    - GoogleUtilities/Network
  - GoogleUtilities/Environment (7.7.0):
    - PromisesObjC (< 3.0, >= 1.2)
  - GoogleUtilities/Logger (7.7.0):
    - GoogleUtilities/Environment
  - GoogleUtilities/Network (7.7.0):
    - GoogleUtilities/Logger
    - "GoogleUtilities/NSData+zlib"
    - GoogleUtilities/Reachability
  - "GoogleUtilities/NSData+zlib (7.7.0)"
  - GoogleUtilities/Reachability (7.7.0):
    - GoogleUtilities/Logger
  - GTMAppAuth (1.3.0):
    - AppAuth/Core (~> 1.4)
    - GTMSessionFetcher/Core (~> 1.5)
  - GTMSessionFetcher/Core (1.7.2)
  - libevent (2.1.12)
  - libwebp (1.2.1):
    - libwebp/demux (= 1.2.1)
    - libwebp/mux (= 1.2.1)
    - libwebp/webp (= 1.2.1)
  - libwebp/demux (1.2.1):
    - libwebp/webp
  - libwebp/mux (1.2.1):
    - libwebp/demux
  - libwebp/webp (1.2.1)
  - nanopb (2.30908.0):
    - nanopb/decode (= 2.30908.0)
    - nanopb/encode (= 2.30908.0)
  - nanopb/decode (2.30908.0)
  - nanopb/encode (2.30908.0)
  - OpenSSL-Universal (1.1.1100)
  - PromisesObjC (2.1.1)
  - RCT-Folly (2021.06.28.00-v2):
    - boost
    - DoubleConversion
    - fmt (~> 6.2.1)
    - glog
    - RCT-Folly/Default (= 2021.06.28.00-v2)
  - RCT-Folly/Default (2021.06.28.00-v2):
    - boost
    - DoubleConversion
    - fmt (~> 6.2.1)
    - glog
  - RCTRequired (0.68.1)
  - RCTTypeSafety (0.68.1):
    - FBLazyVector (= 0.68.1)
    - RCT-Folly (= 2021.06.28.00-v2)
    - RCTRequired (= 0.68.1)
    - React-Core (= 0.68.1)
  - React (0.68.1):
    - React-Core (= 0.68.1)
    - React-Core/DevSupport (= 0.68.1)
    - React-Core/RCTWebSocket (= 0.68.1)
    - React-RCTActionSheet (= 0.68.1)
    - React-RCTAnimation (= 0.68.1)
    - React-RCTBlob (= 0.68.1)
    - React-RCTImage (= 0.68.1)
    - React-RCTLinking (= 0.68.1)
    - React-RCTNetwork (= 0.68.1)
    - React-RCTSettings (= 0.68.1)
    - React-RCTText (= 0.68.1)
    - React-RCTVibration (= 0.68.1)
  - React-callinvoker (0.68.1)
  - React-Codegen (0.68.1):
    - FBReactNativeSpec (= 0.68.1)
    - RCT-Folly (= 2021.06.28.00-v2)
    - RCTRequired (= 0.68.1)
    - RCTTypeSafety (= 0.68.1)
    - React-Core (= 0.68.1)
    - React-jsi (= 0.68.1)
    - React-jsiexecutor (= 0.68.1)
    - ReactCommon/turbomodule/core (= 0.68.1)
  - React-Core (0.68.1):
    - glog
    - RCT-Folly (= 2021.06.28.00-v2)
    - React-Core/Default (= 0.68.1)
    - React-cxxreact (= 0.68.1)
    - React-jsi (= 0.68.1)
    - React-jsiexecutor (= 0.68.1)
    - React-perflogger (= 0.68.1)
    - Yoga
  - React-Core/CoreModulesHeaders (0.68.1):
    - glog
    - RCT-Folly (= 2021.06.28.00-v2)
    - React-Core/Default
    - React-cxxreact (= 0.68.1)
    - React-jsi (= 0.68.1)
    - React-jsiexecutor (= 0.68.1)
    - React-perflogger (= 0.68.1)
    - Yoga
  - React-Core/Default (0.68.1):
    - glog
    - RCT-Folly (= 2021.06.28.00-v2)
    - React-cxxreact (= 0.68.1)
    - React-jsi (= 0.68.1)
    - React-jsiexecutor (= 0.68.1)
    - React-perflogger (= 0.68.1)
    - Yoga
  - React-Core/DevSupport (0.68.1):
    - glog
    - RCT-Folly (= 2021.06.28.00-v2)
    - React-Core/Default (= 0.68.1)
    - React-Core/RCTWebSocket (= 0.68.1)
    - React-cxxreact (= 0.68.1)
    - React-jsi (= 0.68.1)
    - React-jsiexecutor (= 0.68.1)
    - React-jsinspector (= 0.68.1)
    - React-perflogger (= 0.68.1)
    - Yoga
  - React-Core/RCTActionSheetHeaders (0.68.1):
    - glog
    - RCT-Folly (= 2021.06.28.00-v2)
    - React-Core/Default
    - React-cxxreact (= 0.68.1)
    - React-jsi (= 0.68.1)
    - React-jsiexecutor (= 0.68.1)
    - React-perflogger (= 0.68.1)
    - Yoga
  - React-Core/RCTAnimationHeaders (0.68.1):
    - glog
    - RCT-Folly (= 2021.06.28.00-v2)
    - React-Core/Default
    - React-cxxreact (= 0.68.1)
    - React-jsi (= 0.68.1)
    - React-jsiexecutor (= 0.68.1)
    - React-perflogger (= 0.68.1)
    - Yoga
  - React-Core/RCTBlobHeaders (0.68.1):
    - glog
    - RCT-Folly (= 2021.06.28.00-v2)
    - React-Core/Default
    - React-cxxreact (= 0.68.1)
    - React-jsi (= 0.68.1)
    - React-jsiexecutor (= 0.68.1)
    - React-perflogger (= 0.68.1)
    - Yoga
  - React-Core/RCTImageHeaders (0.68.1):
    - glog
    - RCT-Folly (= 2021.06.28.00-v2)
    - React-Core/Default
    - React-cxxreact (= 0.68.1)
    - React-jsi (= 0.68.1)
    - React-jsiexecutor (= 0.68.1)
    - React-perflogger (= 0.68.1)
    - Yoga
  - React-Core/RCTLinkingHeaders (0.68.1):
    - glog
    - RCT-Folly (= 2021.06.28.00-v2)
    - React-Core/Default
    - React-cxxreact (= 0.68.1)
    - React-jsi (= 0.68.1)
    - React-jsiexecutor (= 0.68.1)
    - React-perflogger (= 0.68.1)
    - Yoga
  - React-Core/RCTNetworkHeaders (0.68.1):
    - glog
    - RCT-Folly (= 2021.06.28.00-v2)
    - React-Core/Default
    - React-cxxreact (= 0.68.1)
    - React-jsi (= 0.68.1)
    - React-jsiexecutor (= 0.68.1)
    - React-perflogger (= 0.68.1)
    - Yoga
  - React-Core/RCTSettingsHeaders (0.68.1):
    - glog
    - RCT-Folly (= 2021.06.28.00-v2)
    - React-Core/Default
    - React-cxxreact (= 0.68.1)
    - React-jsi (= 0.68.1)
    - React-jsiexecutor (= 0.68.1)
    - React-perflogger (= 0.68.1)
    - Yoga
  - React-Core/RCTTextHeaders (0.68.1):
    - glog
    - RCT-Folly (= 2021.06.28.00-v2)
    - React-Core/Default
    - React-cxxreact (= 0.68.1)
    - React-jsi (= 0.68.1)
    - React-jsiexecutor (= 0.68.1)
    - React-perflogger (= 0.68.1)
    - Yoga
  - React-Core/RCTVibrationHeaders (0.68.1):
    - glog
    - RCT-Folly (= 2021.06.28.00-v2)
    - React-Core/Default
    - React-cxxreact (= 0.68.1)
    - React-jsi (= 0.68.1)
    - React-jsiexecutor (= 0.68.1)
    - React-perflogger (= 0.68.1)
    - Yoga
  - React-Core/RCTWebSocket (0.68.1):
    - glog
    - RCT-Folly (= 2021.06.28.00-v2)
    - React-Core/Default (= 0.68.1)
    - React-cxxreact (= 0.68.1)
    - React-jsi (= 0.68.1)
    - React-jsiexecutor (= 0.68.1)
    - React-perflogger (= 0.68.1)
    - Yoga
  - React-CoreModules (0.68.1):
    - RCT-Folly (= 2021.06.28.00-v2)
    - RCTTypeSafety (= 0.68.1)
    - React-Codegen (= 0.68.1)
    - React-Core/CoreModulesHeaders (= 0.68.1)
    - React-jsi (= 0.68.1)
    - React-RCTImage (= 0.68.1)
    - ReactCommon/turbomodule/core (= 0.68.1)
  - React-cxxreact (0.68.1):
    - boost (= 1.76.0)
    - DoubleConversion
    - glog
    - RCT-Folly (= 2021.06.28.00-v2)
    - React-callinvoker (= 0.68.1)
    - React-jsi (= 0.68.1)
    - React-jsinspector (= 0.68.1)
    - React-logger (= 0.68.1)
    - React-perflogger (= 0.68.1)
    - React-runtimeexecutor (= 0.68.1)
  - React-jsi (0.68.1):
    - boost (= 1.76.0)
    - DoubleConversion
    - glog
    - RCT-Folly (= 2021.06.28.00-v2)
    - React-jsi/Default (= 0.68.1)
  - React-jsi/Default (0.68.1):
    - boost (= 1.76.0)
    - DoubleConversion
    - glog
    - RCT-Folly (= 2021.06.28.00-v2)
  - React-jsiexecutor (0.68.1):
    - DoubleConversion
    - glog
    - RCT-Folly (= 2021.06.28.00-v2)
    - React-cxxreact (= 0.68.1)
    - React-jsi (= 0.68.1)
    - React-perflogger (= 0.68.1)
  - React-jsinspector (0.68.1)
  - React-logger (0.68.1):
    - glog
  - react-native-camera (4.2.1):
    - React-Core
    - react-native-camera/RCT (= 4.2.1)
    - react-native-camera/RN (= 4.2.1)
  - react-native-camera/RCT (4.2.1):
    - React-Core
  - react-native-camera/RN (4.2.1):
    - React-Core
  - react-native-document-picker (8.1.1):
    - React-Core
  - react-native-fbsdk-next (10.0.0):
    - React-Core
    - react-native-fbsdk-next/Core (= 10.0.0)
    - react-native-fbsdk-next/Login (= 10.0.0)
    - react-native-fbsdk-next/Share (= 10.0.0)
  - react-native-fbsdk-next/Core (10.0.0):
    - FBSDKCoreKit (~> 14.0.0)
    - React-Core
  - react-native-fbsdk-next/Login (10.0.0):
    - FBSDKLoginKit (~> 14.0.0)
    - React-Core
  - react-native-fbsdk-next/Share (10.0.0):
    - FBSDKGamingServicesKit (~> 14.0.0)
    - FBSDKShareKit (~> 14.0.0)
    - React-Core
  - react-native-image-picker (4.8.4):
    - React-Core
  - react-native-netinfo (8.3.1):
    - React-Core
  - react-native-pager-view (5.4.25):
    - React-Core
  - react-native-safe-area-context (4.3.1):
    - RCT-Folly
    - RCTRequired
    - RCTTypeSafety
    - React
    - ReactCommon/turbomodule/core
  - react-native-splash-screen (3.3.0):
    - React-Core
  - react-native-video (5.2.0):
    - React-Core
    - react-native-video/Video (= 5.2.0)
  - react-native-video/Video (5.2.0):
    - React-Core
  - React-perflogger (0.68.1)
  - React-RCTActionSheet (0.68.1):
    - React-Core/RCTActionSheetHeaders (= 0.68.1)
  - React-RCTAnimation (0.68.1):
    - RCT-Folly (= 2021.06.28.00-v2)
    - RCTTypeSafety (= 0.68.1)
    - React-Codegen (= 0.68.1)
    - React-Core/RCTAnimationHeaders (= 0.68.1)
    - React-jsi (= 0.68.1)
    - ReactCommon/turbomodule/core (= 0.68.1)
  - React-RCTBlob (0.68.1):
    - RCT-Folly (= 2021.06.28.00-v2)
    - React-Codegen (= 0.68.1)
    - React-Core/RCTBlobHeaders (= 0.68.1)
    - React-Core/RCTWebSocket (= 0.68.1)
    - React-jsi (= 0.68.1)
    - React-RCTNetwork (= 0.68.1)
    - ReactCommon/turbomodule/core (= 0.68.1)
  - React-RCTImage (0.68.1):
    - RCT-Folly (= 2021.06.28.00-v2)
    - RCTTypeSafety (= 0.68.1)
    - React-Codegen (= 0.68.1)
    - React-Core/RCTImageHeaders (= 0.68.1)
    - React-jsi (= 0.68.1)
    - React-RCTNetwork (= 0.68.1)
    - ReactCommon/turbomodule/core (= 0.68.1)
  - React-RCTLinking (0.68.1):
    - React-Codegen (= 0.68.1)
    - React-Core/RCTLinkingHeaders (= 0.68.1)
    - React-jsi (= 0.68.1)
    - ReactCommon/turbomodule/core (= 0.68.1)
  - React-RCTNetwork (0.68.1):
    - RCT-Folly (= 2021.06.28.00-v2)
    - RCTTypeSafety (= 0.68.1)
    - React-Codegen (= 0.68.1)
    - React-Core/RCTNetworkHeaders (= 0.68.1)
    - React-jsi (= 0.68.1)
    - ReactCommon/turbomodule/core (= 0.68.1)
  - React-RCTSettings (0.68.1):
    - RCT-Folly (= 2021.06.28.00-v2)
    - RCTTypeSafety (= 0.68.1)
    - React-Codegen (= 0.68.1)
    - React-Core/RCTSettingsHeaders (= 0.68.1)
    - React-jsi (= 0.68.1)
    - ReactCommon/turbomodule/core (= 0.68.1)
  - React-RCTText (0.68.1):
    - React-Core/RCTTextHeaders (= 0.68.1)
  - React-RCTVibration (0.68.1):
    - RCT-Folly (= 2021.06.28.00-v2)
    - React-Codegen (= 0.68.1)
    - React-Core/RCTVibrationHeaders (= 0.68.1)
    - React-jsi (= 0.68.1)
    - ReactCommon/turbomodule/core (= 0.68.1)
  - React-runtimeexecutor (0.68.1):
    - React-jsi (= 0.68.1)
  - ReactCommon/turbomodule/core (0.68.1):
    - DoubleConversion
    - glog
    - RCT-Folly (= 2021.06.28.00-v2)
    - React-callinvoker (= 0.68.1)
    - React-Core (= 0.68.1)
    - React-cxxreact (= 0.68.1)
    - React-jsi (= 0.68.1)
    - React-logger (= 0.68.1)
    - React-perflogger (= 0.68.1)
  - ReactNativeAudioToolkit (2.0.3):
    - React
  - RealmJS (10.20.0-beta.5):
    - React
  - rn-fetch-blob (0.12.0):
    - React-Core
  - RNAppleAuthentication (2.2.2):
    - React-Core
  - RNAudioRecorderPlayer (3.5.1):
    - React-Core
  - RNCAsyncStorage (1.17.7):
    - React-Core
  - RNCCheckbox (0.5.12):
    - React-Core
  - RNCClipboard (1.10.0):
    - React-Core
  - RNCPushNotificationIOS (1.10.1):
    - React-Core
  - RNDeviceInfo (8.7.1):
    - React-Core
  - RNFastImage (8.5.11):
    - React-Core
    - SDWebImage (~> 5.11.1)
    - SDWebImageWebPCoder (~> 0.8.4)
  - RNFBApp (14.11.1):
    - Firebase/CoreOnly (= 8.15.0)
    - React-Core
  - RNFBAuth (14.11.1):
    - Firebase/Auth (= 8.15.0)
    - React-Core
    - RNFBApp
  - RNFS (2.20.0):
    - React-Core
  - RNGestureHandler (2.5.0):
    - React-Core
  - RNGoogleSignin (7.2.2):
    - GoogleSignIn (~> 6.1.0)
    - React-Core
  - RNPermissions (3.6.0):
    - React-Core
  - RNReanimated (2.9.1):
    - DoubleConversion
    - FBLazyVector
    - FBReactNativeSpec
    - glog
    - RCT-Folly
    - RCTRequired
    - RCTTypeSafety
    - React-callinvoker
    - React-Core
    - React-Core/DevSupport
    - React-Core/RCTWebSocket
    - React-CoreModules
    - React-cxxreact
    - React-jsi
    - React-jsiexecutor
    - React-jsinspector
    - React-RCTActionSheet
    - React-RCTAnimation
    - React-RCTBlob
    - React-RCTImage
    - React-RCTLinking
    - React-RCTNetwork
    - React-RCTSettings
    - React-RCTText
    - ReactCommon/turbomodule/core
    - Yoga
  - RNScreens (3.15.0):
    - React-Core
    - React-RCTImage
  - RNSha256 (1.4.7):
    - React
  - RNShare (7.6.6):
    - React-Core
  - RNSVG (12.4.3):
    - React-Core
  - RNVectorIcons (9.2.0):
    - React-Core
  - SDWebImage (5.11.1):
    - SDWebImage/Core (= 5.11.1)
  - SDWebImage/Core (5.11.1)
  - SDWebImageWebPCoder (0.8.5):
    - libwebp (~> 1.0)
    - SDWebImage/Core (~> 5.10)
  - SocketRocket (0.6.0)
  - Yoga (1.14.0)
  - YogaKit (1.18.1):
    - Yoga (~> 1.14)

DEPENDENCIES:
  - boost (from `../node_modules/react-native/third-party-podspecs/boost.podspec`)
  - BVLinearGradient (from `../node_modules/react-native-linear-gradient`)
  - DoubleConversion (from `../node_modules/react-native/third-party-podspecs/DoubleConversion.podspec`)
  - FBLazyVector (from `../node_modules/react-native/Libraries/FBLazyVector`)
  - FBReactNativeSpec (from `../node_modules/react-native/React/FBReactNativeSpec`)
  - Flipper (= 0.125.0)
  - Flipper-Boost-iOSX (= 1.76.0.1.11)
  - Flipper-DoubleConversion (= 3.2.0)
  - Flipper-Fmt (= 7.1.7)
  - Flipper-Folly (= 2.6.10)
  - Flipper-Glog (= 0.5.0.4)
  - Flipper-PeerTalk (= 0.0.4)
  - Flipper-RSocket (= 1.4.3)
  - FlipperKit (= 0.125.0)
  - FlipperKit/Core (= 0.125.0)
  - FlipperKit/CppBridge (= 0.125.0)
  - FlipperKit/FBCxxFollyDynamicConvert (= 0.125.0)
  - FlipperKit/FBDefines (= 0.125.0)
  - FlipperKit/FKPortForwarding (= 0.125.0)
  - FlipperKit/FlipperKitHighlightOverlay (= 0.125.0)
  - FlipperKit/FlipperKitLayoutPlugin (= 0.125.0)
  - FlipperKit/FlipperKitLayoutTextSearchable (= 0.125.0)
  - FlipperKit/FlipperKitNetworkPlugin (= 0.125.0)
  - FlipperKit/FlipperKitReactPlugin (= 0.125.0)
  - FlipperKit/FlipperKitUserDefaultsPlugin (= 0.125.0)
  - FlipperKit/SKIOSNetworkPlugin (= 0.125.0)
  - glog (from `../node_modules/react-native/third-party-podspecs/glog.podspec`)
  - OpenSSL-Universal (= 1.1.1100)
  - RCT-Folly (from `../node_modules/react-native/third-party-podspecs/RCT-Folly.podspec`)
  - RCTRequired (from `../node_modules/react-native/Libraries/RCTRequired`)
  - RCTTypeSafety (from `../node_modules/react-native/Libraries/TypeSafety`)
  - React (from `../node_modules/react-native/`)
  - React-callinvoker (from `../node_modules/react-native/ReactCommon/callinvoker`)
  - React-Codegen (from `build/generated/ios`)
  - React-Core (from `../node_modules/react-native/`)
  - React-Core/DevSupport (from `../node_modules/react-native/`)
  - React-Core/RCTWebSocket (from `../node_modules/react-native/`)
  - React-CoreModules (from `../node_modules/react-native/React/CoreModules`)
  - React-cxxreact (from `../node_modules/react-native/ReactCommon/cxxreact`)
  - React-jsi (from `../node_modules/react-native/ReactCommon/jsi`)
  - React-jsiexecutor (from `../node_modules/react-native/ReactCommon/jsiexecutor`)
  - React-jsinspector (from `../node_modules/react-native/ReactCommon/jsinspector`)
  - React-logger (from `../node_modules/react-native/ReactCommon/logger`)
  - react-native-camera (from `../node_modules/react-native-camera`)
  - react-native-document-picker (from `../node_modules/react-native-document-picker`)
  - react-native-fbsdk-next (from `../node_modules/react-native-fbsdk-next`)
  - react-native-image-picker (from `../node_modules/react-native-image-picker`)
  - "react-native-netinfo (from `../node_modules/@react-native-community/netinfo`)"
  - react-native-pager-view (from `../node_modules/react-native-pager-view`)
  - react-native-safe-area-context (from `../node_modules/react-native-safe-area-context`)
  - react-native-splash-screen (from `../node_modules/react-native-splash-screen`)
  - react-native-video (from `../node_modules/react-native-video`)
  - React-perflogger (from `../node_modules/react-native/ReactCommon/reactperflogger`)
  - React-RCTActionSheet (from `../node_modules/react-native/Libraries/ActionSheetIOS`)
  - React-RCTAnimation (from `../node_modules/react-native/Libraries/NativeAnimation`)
  - React-RCTBlob (from `../node_modules/react-native/Libraries/Blob`)
  - React-RCTImage (from `../node_modules/react-native/Libraries/Image`)
  - React-RCTLinking (from `../node_modules/react-native/Libraries/LinkingIOS`)
  - React-RCTNetwork (from `../node_modules/react-native/Libraries/Network`)
  - React-RCTSettings (from `../node_modules/react-native/Libraries/Settings`)
  - React-RCTText (from `../node_modules/react-native/Libraries/Text`)
  - React-RCTVibration (from `../node_modules/react-native/Libraries/Vibration`)
  - React-runtimeexecutor (from `../node_modules/react-native/ReactCommon/runtimeexecutor`)
  - ReactCommon/turbomodule/core (from `../node_modules/react-native/ReactCommon`)
  - "ReactNativeAudioToolkit (from `../node_modules/@react-native-community/audio-toolkit`)"
  - RealmJS (from `../node_modules/realm`)
  - rn-fetch-blob (from `../node_modules/rn-fetch-blob`)
  - "RNAppleAuthentication (from `../node_modules/@invertase/react-native-apple-authentication`)"
  - RNAudioRecorderPlayer (from `../node_modules/react-native-audio-recorder-player`)
  - "RNCAsyncStorage (from `../node_modules/@react-native-async-storage/async-storage`)"
  - "RNCCheckbox (from `../node_modules/@react-native-community/checkbox`)"
  - "RNCClipboard (from `../node_modules/@react-native-clipboard/clipboard`)"
  - "RNCPushNotificationIOS (from `../node_modules/@react-native-community/push-notification-ios`)"
  - RNDeviceInfo (from `../node_modules/react-native-device-info`)
  - RNFastImage (from `../node_modules/react-native-fast-image`)
  - "RNFBApp (from `../node_modules/@react-native-firebase/app`)"
  - "RNFBAuth (from `../node_modules/@react-native-firebase/auth`)"
  - RNFS (from `../node_modules/react-native-fs`)
  - RNGestureHandler (from `../node_modules/react-native-gesture-handler`)
  - "RNGoogleSignin (from `../node_modules/@react-native-google-signin/google-signin`)"
  - RNPermissions (from `../node_modules/react-native-permissions`)
  - RNReanimated (from `../node_modules/react-native-reanimated`)
  - RNScreens (from `../node_modules/react-native-screens`)
  - RNSha256 (from `../node_modules/react-native-sha256`)
  - RNShare (from `../node_modules/react-native-share`)
  - RNSVG (from `../node_modules/react-native-svg`)
  - RNVectorIcons (from `../node_modules/react-native-vector-icons`)
  - Yoga (from `../node_modules/react-native/ReactCommon/yoga`)

SPEC REPOS:
  trunk:
    - AppAuth
    - CocoaAsyncSocket
    - FBAEMKit
    - FBSDKCoreKit
    - FBSDKCoreKit_Basics
    - FBSDKGamingServicesKit
    - FBSDKLoginKit
    - FBSDKShareKit
    - Firebase
    - FirebaseAuth
    - FirebaseCore
    - FirebaseCoreDiagnostics
    - Flipper
    - Flipper-Boost-iOSX
    - Flipper-DoubleConversion
    - Flipper-Fmt
    - Flipper-Folly
    - Flipper-Glog
    - Flipper-PeerTalk
    - Flipper-RSocket
    - FlipperKit
    - fmt
    - GoogleDataTransport
    - GoogleSignIn
    - GoogleUtilities
    - GTMAppAuth
    - GTMSessionFetcher
    - libevent
    - libwebp
    - nanopb
    - OpenSSL-Universal
    - PromisesObjC
    - SDWebImage
    - SDWebImageWebPCoder
    - SocketRocket
    - YogaKit

EXTERNAL SOURCES:
  boost:
    :podspec: "../node_modules/react-native/third-party-podspecs/boost.podspec"
  BVLinearGradient:
    :path: "../node_modules/react-native-linear-gradient"
  DoubleConversion:
    :podspec: "../node_modules/react-native/third-party-podspecs/DoubleConversion.podspec"
  FBLazyVector:
    :path: "../node_modules/react-native/Libraries/FBLazyVector"
  FBReactNativeSpec:
    :path: "../node_modules/react-native/React/FBReactNativeSpec"
  glog:
    :podspec: "../node_modules/react-native/third-party-podspecs/glog.podspec"
  RCT-Folly:
    :podspec: "../node_modules/react-native/third-party-podspecs/RCT-Folly.podspec"
  RCTRequired:
    :path: "../node_modules/react-native/Libraries/RCTRequired"
  RCTTypeSafety:
    :path: "../node_modules/react-native/Libraries/TypeSafety"
  React:
    :path: "../node_modules/react-native/"
  React-callinvoker:
    :path: "../node_modules/react-native/ReactCommon/callinvoker"
  React-Codegen:
    :path: build/generated/ios
  React-Core:
    :path: "../node_modules/react-native/"
  React-CoreModules:
    :path: "../node_modules/react-native/React/CoreModules"
  React-cxxreact:
    :path: "../node_modules/react-native/ReactCommon/cxxreact"
  React-jsi:
    :path: "../node_modules/react-native/ReactCommon/jsi"
  React-jsiexecutor:
    :path: "../node_modules/react-native/ReactCommon/jsiexecutor"
  React-jsinspector:
    :path: "../node_modules/react-native/ReactCommon/jsinspector"
  React-logger:
    :path: "../node_modules/react-native/ReactCommon/logger"
  react-native-camera:
    :path: "../node_modules/react-native-camera"
  react-native-document-picker:
    :path: "../node_modules/react-native-document-picker"
  react-native-fbsdk-next:
    :path: "../node_modules/react-native-fbsdk-next"
  react-native-image-picker:
    :path: "../node_modules/react-native-image-picker"
  react-native-netinfo:
    :path: "../node_modules/@react-native-community/netinfo"
  react-native-pager-view:
    :path: "../node_modules/react-native-pager-view"
  react-native-safe-area-context:
    :path: "../node_modules/react-native-safe-area-context"
  react-native-splash-screen:
    :path: "../node_modules/react-native-splash-screen"
  react-native-video:
    :path: "../node_modules/react-native-video"
  React-perflogger:
    :path: "../node_modules/react-native/ReactCommon/reactperflogger"
  React-RCTActionSheet:
    :path: "../node_modules/react-native/Libraries/ActionSheetIOS"
  React-RCTAnimation:
    :path: "../node_modules/react-native/Libraries/NativeAnimation"
  React-RCTBlob:
    :path: "../node_modules/react-native/Libraries/Blob"
  React-RCTImage:
    :path: "../node_modules/react-native/Libraries/Image"
  React-RCTLinking:
    :path: "../node_modules/react-native/Libraries/LinkingIOS"
  React-RCTNetwork:
    :path: "../node_modules/react-native/Libraries/Network"
  React-RCTSettings:
    :path: "../node_modules/react-native/Libraries/Settings"
  React-RCTText:
    :path: "../node_modules/react-native/Libraries/Text"
  React-RCTVibration:
    :path: "../node_modules/react-native/Libraries/Vibration"
  React-runtimeexecutor:
    :path: "../node_modules/react-native/ReactCommon/runtimeexecutor"
  ReactCommon:
    :path: "../node_modules/react-native/ReactCommon"
  ReactNativeAudioToolkit:
    :path: "../node_modules/@react-native-community/audio-toolkit"
  RealmJS:
    :path: "../node_modules/realm"
  rn-fetch-blob:
    :path: "../node_modules/rn-fetch-blob"
  RNAppleAuthentication:
    :path: "../node_modules/@invertase/react-native-apple-authentication"
  RNAudioRecorderPlayer:
    :path: "../node_modules/react-native-audio-recorder-player"
  RNCAsyncStorage:
    :path: "../node_modules/@react-native-async-storage/async-storage"
  RNCCheckbox:
    :path: "../node_modules/@react-native-community/checkbox"
  RNCClipboard:
    :path: "../node_modules/@react-native-clipboard/clipboard"
  RNCPushNotificationIOS:
    :path: "../node_modules/@react-native-community/push-notification-ios"
  RNDeviceInfo:
    :path: "../node_modules/react-native-device-info"
  RNFastImage:
    :path: "../node_modules/react-native-fast-image"
  RNFBApp:
    :path: "../node_modules/@react-native-firebase/app"
  RNFBAuth:
    :path: "../node_modules/@react-native-firebase/auth"
  RNFS:
    :path: "../node_modules/react-native-fs"
  RNGestureHandler:
    :path: "../node_modules/react-native-gesture-handler"
  RNGoogleSignin:
    :path: "../node_modules/@react-native-google-signin/google-signin"
  RNPermissions:
    :path: "../node_modules/react-native-permissions"
  RNReanimated:
    :path: "../node_modules/react-native-reanimated"
  RNScreens:
    :path: "../node_modules/react-native-screens"
  RNSha256:
    :path: "../node_modules/react-native-sha256"
  RNShare:
    :path: "../node_modules/react-native-share"
  RNSVG:
    :path: "../node_modules/react-native-svg"
  RNVectorIcons:
    :path: "../node_modules/react-native-vector-icons"
  Yoga:
    :path: "../node_modules/react-native/ReactCommon/yoga"

SPEC CHECKSUMS:
  AppAuth: 80317d99ac7ff2801a2f18ff86b48cd315ed465d
  boost: a7c83b31436843459a1961bfd74b96033dc77234
  BVLinearGradient: 34a999fda29036898a09c6a6b728b0b4189e1a44
  CocoaAsyncSocket: 065fd1e645c7abab64f7a6a2007a48038fdc6a99
  DoubleConversion: 831926d9b8bf8166fd87886c4abab286c2422662
  FBAEMKit: d00064597439e75885c70d9adbcb5f3e9ad84f5d
  FBLazyVector: 2c76493a346ef8cacf1f442926a39f805fffec1f
  FBReactNativeSpec: 371350f24afa87b6aba606972ec959dcd4a95c9a
  FBSDKCoreKit: e5d3acfffe5063a9d0b967ba2ad1f5afc460cf43
  FBSDKCoreKit_Basics: 1ff46a12e80f0b66e6c00e1ef32d6a5b5b9008a5
  FBSDKGamingServicesKit: cfac825e69b78049c9f2b10198da7d20ab6b5a6f
  FBSDKLoginKit: dbe86ef42ab142f3bd0f1c904a21bb33f31c5569
  FBSDKShareKit: 2f6a6a1445cc1b8ea0f733e60d02d2f7c4ebf8be
  Firebase: 5f8193dff4b5b7c5d5ef72ae54bb76c08e2b841d
  FirebaseAuth: 3e73bf8abf4fbb40f8b421f361f4cc48ee57388c
  FirebaseCore: 5743c5785c074a794d35f2fff7ecc254a91e08b1
  FirebaseCoreDiagnostics: 92e07a649aeb66352b319d43bdd2ee3942af84cb
  Flipper: 26fc4b7382499f1281eb8cb921e5c3ad6de91fe0
  Flipper-Boost-iOSX: fd1e2b8cbef7e662a122412d7ac5f5bea715403c
  Flipper-DoubleConversion: 3d3d04a078d4f3a1b6c6916587f159dc11f232c4
  Flipper-Fmt: 60cbdd92fc254826e61d669a5d87ef7015396a9b
  Flipper-Folly: 584845625005ff068a6ebf41f857f468decd26b3
  Flipper-Glog: 87bc98ff48de90cb5b0b5114ed3da79d85ee2dd4
  Flipper-PeerTalk: 116d8f857dc6ef55c7a5a75ea3ceaafe878aadc9
  Flipper-RSocket: d9d9ade67cbecf6ac10730304bf5607266dd2541
  FlipperKit: cbdee19bdd4e7f05472a66ce290f1b729ba3cb86
  fmt: ff9d55029c625d3757ed641535fd4a75fedc7ce9
  glog: 476ee3e89abb49e07f822b48323c51c57124b572
  GoogleDataTransport: 5fffe35792f8b96ec8d6775f5eccd83c998d5a3b
  GoogleSignIn: c90b5bec45e780f54c6a8e1e3c182a86e3dda69d
  GoogleUtilities: e0913149f6b0625b553d70dae12b49fc62914fd1
  GTMAppAuth: 4d8f864896f3646f0c33baf38a28362f4c601e15
  GTMSessionFetcher: 5595ec75acf5be50814f81e9189490412bad82ba
  libevent: 4049cae6c81cdb3654a443be001fb9bdceff7913
  libwebp: 98a37e597e40bfdb4c911fc98f2c53d0b12d05fc
  nanopb: a0ba3315591a9ae0a16a309ee504766e90db0c96
  OpenSSL-Universal: ebc357f1e6bc71fa463ccb2fe676756aff50e88c
  PromisesObjC: ab77feca74fa2823e7af4249b8326368e61014cb
  RCT-Folly: 4d8508a426467c48885f1151029bc15fa5d7b3b8
  RCTRequired: 00581111c53531e39e3c6346ef0d2c0cf52a5a37
  RCTTypeSafety: 07e03ee7800e7dd65cba8e52ad0c2edb06c96604
  React: e61f4bf3c573d0c61c56b53dc3eb1d9daf0768a0
  React-callinvoker: 047d47230bb6fd66827f8cb0bea4e944ffd1309b
  React-Codegen: bb0403cde7374af091530e84e492589485aab480
  React-Core: a4a3a8e10d004b08e013c3d0438259dd89a3894c
  React-CoreModules: bb9f8bc36f1ae6d780b856927fa9d4aa01ccccc0
  React-cxxreact: 7dd472aefb8629d6080cbb859240bafccd902704
  React-jsi: b25808afe821b607d51c779bdd1717be8393b7ec
  React-jsiexecutor: 4a4bae5671b064a2248a690cf75957669489d08c
  React-jsinspector: 218a2503198ff28a085f8e16622a8d8f507c8019
  React-logger: f79dd3cc0f9b44f5611c6c7862badd891a862cf8
  react-native-camera: 3eae183c1d111103963f3dd913b65d01aef8110f
  react-native-document-picker: f68191637788994baed5f57d12994aa32cf8bf88
  react-native-fbsdk-next: 75ea1d4b48e047796f3264535a1cab502686a3e2
  react-native-image-picker: cffb727cf2f59bd5c0408e30b3dbe0b935f88835
  react-native-netinfo: 1a6035d3b9780221d407c277ebfb5722ace00658
  react-native-pager-view: da490aa1f902c9a5aeecf0909cc975ad0e92e53e
  react-native-safe-area-context: 6c12e3859b6f27b25de4fee8201cfb858432d8de
  react-native-splash-screen: 4312f786b13a81b5169ef346d76d33bc0c6dc457
  react-native-video: a4c2635d0802f983594b7057e1bce8f442f0ad28
  React-perflogger: 30ab8d6db10e175626069e742eead3ebe8f24fd5
  React-RCTActionSheet: 4b45da334a175b24dabe75f856b98fed3dfd6201
  React-RCTAnimation: d6237386cb04500889877845b3e9e9291146bc2e
  React-RCTBlob: bc9e2cd738c43bd2948e862e371402ef9584730a
  React-RCTImage: 9f8cac465c6e5837007f59ade2a0a741016dd6a3
  React-RCTLinking: 5073abb7d30cc0824b2172bd4582fc15bfc40510
  React-RCTNetwork: 28ff94aa7d8fc117fc800b87dd80869a00d2bef3
  React-RCTSettings: f27aa036f7270fe6ca43f8cdd1819e821fa429a0
  React-RCTText: 7cb6f86fa7bc86f22f16333ad243b158e63b2a68
  React-RCTVibration: 9e344c840176b0af9c84d5019eb4fed8b3c105a1
  React-runtimeexecutor: 7285b499d0339104b2813a1f58ad1ada4adbd6c0
  ReactCommon: bf2888a826ceedf54b99ad1b6182d1bc4a8a3984
  ReactNativeAudioToolkit: de9610f323e855ac6574be8c99621f3d57c5df06
  RealmJS: 772520fb85c19b65c2ea0c8f9aa6e790a905a377
  rn-fetch-blob: f065bb7ab7fb48dd002629f8bdcb0336602d3cba
  RNAppleAuthentication: 0571c08da8c327ae2afc0261b48b4a515b0286a6
  RNAudioRecorderPlayer: 308940de4f9d1448a064874fd9d83479ae47c7a7
  RNCAsyncStorage: d81ee5c3db1060afd49ea7045ad460eff82d2b7d
  RNCCheckbox: ed1b4ca295475b41e7251ebae046360a703b6eb5
  RNCClipboard: f1736c75ab85b627a4d57587edb4b60999c4dd80
  RNCPushNotificationIOS: 87b8d16d3ede4532745e05b03c42cff33a36cc45
  RNDeviceInfo: aad3c663b25752a52bf8fce93f2354001dd185aa
  RNFastImage: 1f2cab428712a4baaf78d6169eaec7f622556dd7
  RNFBApp: 9646e09d041ea159b84584865212e4cf33acd179
  RNFBAuth: af943e3ba071b5f4d18896c31e6cba3a77b1fa08
  RNFS: 4ac0f0ea233904cb798630b3c077808c06931688
  RNGestureHandler: bad495418bcbd3ab47017a38d93d290ebd406f50
  RNGoogleSignin: d7f8368b82d94f1dec964785d496387ca7f19092
  RNPermissions: de7b7c3fe1680d974ac7a85e3e97aa539c0e68ea
  RNReanimated: 5c8c17e26787fd8984cd5accdc70fef2ca70aafd
  RNScreens: 4a1af06327774490d97342c00aee0c2bafb497b7
  RNSha256: bf2c90a9e0cec6dcbcc4100e4e19715ae7feaa34
  RNShare: d56424e3926cbc239db1cc1c168adcb051aad50b
  RNSVG: f3b60aeeaa81960e2e0536c3a9eef50b667ef3a9
  RNVectorIcons: fcc2f6cb32f5735b586e66d14103a74ce6ad61f8
  SDWebImage: a7f831e1a65eb5e285e3fb046a23fcfbf08e696d
  SDWebImageWebPCoder: 908b83b6adda48effe7667cd2b7f78c897e5111d
  SocketRocket: fccef3f9c5cedea1353a9ef6ada904fde10d6608
  Yoga: 17cd9a50243093b547c1e539c749928dd68152da
  YogaKit: f782866e155069a2cca2517aafea43200b01fd5a

PODFILE CHECKSUM: 006eeb55cb2035c2570aebb639bb7cb670109133

COCOAPODS: 1.11.3
